
Microsoft Visual Studio Solution File, Format Version 12.00
# Visual Studio 15
VisualStudioVersion = 15.0.27004.2005
MinimumVisualStudioVersion = 10.0.40219.1
Project("{FAE04EC0-301F-11D3-BF4B-00C04F79EFBC}") = "hololens_v10", "hololens_v10\hololens_v10.csproj", "{55387673-ED5B-420F-BCF3-C9392D4C40B3}"
EndProject
Global
	GlobalSection(SolutionConfigurationPlatforms) = preSolution
		Debug|ARM = Debug|ARM
		Debug|x64 = Debug|x64
		Debug|x86 = Debug|x86
		Release|ARM = Release|ARM
		Release|x64 = Release|x64
		Release|x86 = Release|x86
	EndGlobalSection
	GlobalSection(ProjectConfigurationPlatforms) = postSolution
		{55387673-ED5B-420F-BCF3-C9392D4C40B3}.Debug|ARM.ActiveCfg = Debug|ARM
		{55387673-ED5B-420F-BCF3-C9392D4C40B3}.Debug|ARM.Build.0 = Debug|ARM
		{55387673-ED5B-420F-BCF3-C9392D4C40B3}.Debug|ARM.Deploy.0 = Debug|ARM
		{55387673-ED5B-420F-BCF3-C9392D4C40B3}.Debug|x64.ActiveCfg = Debug|x64
		{55387673-ED5B-420F-BCF3-C9392D4C40B3}.Debug|x64.Build.0 = Debug|x64
		{55387673-ED5B-420F-BCF3-C9392D4C40B3}.Debug|x64.Deploy.0 = Debug|x64
		{55387673-ED5B-420F-BCF3-C9392D4C40B3}.Debug|x86.ActiveCfg = Debug|x86
		{55387673-ED5B-420F-BCF3-C9392D4C40B3}.Debug|x86.Build.0 = Debug|x86
		{55387673-ED5B-420F-BCF3-C9392D4C40B3}.Debug|x86.Deploy.0 = Debug|x86
		{55387673-ED5B-420F-BCF3-C9392D4C40B3}.Release|ARM.ActiveCfg = Release|ARM
		{55387673-ED5B-420F-BCF3-C9392D4C40B3}.Release|ARM.Build.0 = Release|ARM
		{55387673-ED5B-420F-BCF3-C9392D4C40B3}.Release|ARM.Deploy.0 = Release|ARM
		{55387673-ED5B-420F-BCF3-C9392D4C40B3}.Release|x64.ActiveCfg = Release|x64
		{55387673-ED5B-420F-BCF3-C9392D4C40B3}.Release|x64.Build.0 = Release|x64
		{55387673-ED5B-420F-BCF3-C9392D4C40B3}.Release|x64.Deploy.0 = Release|x64
		{55387673-ED5B-420F-BCF3-C9392D4C40B3}.Release|x86.ActiveCfg = Release|x86
		{55387673-ED5B-420F-BCF3-C9392D4C40B3}.Release|x86.Build.0 = Release|x86
		{55387673-ED5B-420F-BCF3-C9392D4C40B3}.Release|x86.Deploy.0 = Release|x86
	EndGlobalSection
	GlobalSection(SolutionProperties) = preSolution
		HideSolutionNode = FALSE
	EndGlobalSection
	GlobalSection(ExtensibilityGlobals) = postSolution
		SolutionGuid = {BD670895-4A85-42C4-931B-7B89431453CC}
	EndGlobalSection
EndGlobal
